
Microsoft Visual Studio Solution File, Format Version 12.00
# Visual Studio Version 17
VisualStudioVersion = 17.10.35027.167
MinimumVisualStudioVersion = 10.0.40219.1
Project("{FAE04EC0-301F-11D3-BF4B-00C04F79EFBC}") = "While2", "While2\While2.csproj", "{5A89ACE3-6B24-4C04-8767-C42C31E1FD15}"
EndProject
Global
	GlobalSection(SolutionConfigurationPlatforms) = preSolution
		Debug|Any CPU = Debug|Any CPU
		Release|Any CPU = Release|Any CPU
	EndGlobalSection
	GlobalSection(ProjectConfigurationPlatforms) = postSolution
		{5A89ACE3-6B24-4C04-8767-C42C31E1FD15}.Debug|Any CPU.ActiveCfg = Debug|Any CPU
		{5A89ACE3-6B24-4C04-8767-C42C31E1FD15}.Debug|Any CPU.Build.0 = Debug|Any CPU
		{5A89ACE3-6B24-4C04-8767-C42C31E1FD15}.Release|Any CPU.ActiveCfg = Release|Any CPU
		{5A89ACE3-6B24-4C04-8767-C42C31E1FD15}.Release|Any CPU.Build.0 = Release|Any CPU
	EndGlobalSection
	GlobalSection(SolutionProperties) = preSolution
		HideSolutionNode = FALSE
	EndGlobalSection
	GlobalSection(ExtensibilityGlobals) = postSolution
		SolutionGuid = {F12C3630-C37C-4A4E-91E1-77954EF21AF8}
	EndGlobalSection
EndGlobal
